
Microsoft Visual Studio Solution File, Format Version 12.00
# Visual Studio Version 17
VisualStudioVersion = 17.5.002.0
MinimumVisualStudioVersion = 10.0.40219.1
Project("{9A19103F-16F7-4668-BE54-9A1E7A4F7556}") = "Examples002_Func", "Examples002_Func.csproj", "{9D5BA8E3-0008-49C8-B7EE-F5ED7FEA492D}"
EndProject
Global
	GlobalSection(SolutionConfigurationPlatforms) = preSolution
		Debug|Any CPU = Debug|Any CPU
		Release|Any CPU = Release|Any CPU
	EndGlobalSection
	GlobalSection(ProjectConfigurationPlatforms) = postSolution
		{9D5BA8E3-0008-49C8-B7EE-F5ED7FEA492D}.Debug|Any CPU.ActiveCfg = Debug|Any CPU
		{9D5BA8E3-0008-49C8-B7EE-F5ED7FEA492D}.Debug|Any CPU.Build.0 = Debug|Any CPU
		{9D5BA8E3-0008-49C8-B7EE-F5ED7FEA492D}.Release|Any CPU.ActiveCfg = Release|Any CPU
		{9D5BA8E3-0008-49C8-B7EE-F5ED7FEA492D}.Release|Any CPU.Build.0 = Release|Any CPU
	EndGlobalSection
	GlobalSection(SolutionProperties) = preSolution
		HideSolutionNode = FALSE
	EndGlobalSection
	GlobalSection(ExtensibilityGlobals) = postSolution
		SolutionGuid = {9321F11C-F542-46F6-8231-3E0869C36BEE}
	EndGlobalSection
EndGlobal
